{
  "nodes": {
    "cmsis": {
      "flake": false,
      "locked": {
        "lastModified": 1709666614,
        "narHash": "sha256-u3+dLjAuoWGVC/5e/qSplhZV2lwscMAtCnulclaqy1M=",
        "ref": "refs/heads/upstream/master",
        "rev": "b9d63132c1cc195464a57aad984398c41edcd3a2",
        "revCount": 43,
        "type": "git",
        "url": "https://chromium.googlesource.com/chromiumos/third_party/zephyr/cmsis"
      },
      "original": {
        "rev": "b9d63132c1cc195464a57aad984398c41edcd3a2",
        "type": "git",
        "url": "https://chromium.googlesource.com/chromiumos/third_party/zephyr/cmsis"
      }
    },
    "flake-utils": {
      "inputs": {
        "systems": "systems"
      },
      "locked": {
        "lastModified": 1731533236,
        "narHash": "sha256-l0KFg5HjrsfsO/JpG+r7fRrqm12kzFHyUHqHCVpMMbI=",
        "owner": "numtide",
        "repo": "flake-utils",
        "rev": "11707dc2f618dd54ca8739b309ec4fc024de578b",
        "type": "github"
      },
      "original": {
        "id": "flake-utils",
        "type": "indirect"
      }
    },
    "nix-github-actions": {
      "inputs": {
        "nixpkgs": [
          "zephyr-nix",
          "nixpkgs"
        ]
      },
      "locked": {
        "lastModified": 1729742964,
        "narHash": "sha256-B4mzTcQ0FZHdpeWcpDYPERtyjJd/NIuaQ9+BV1h+MpA=",
        "owner": "nix-community",
        "repo": "nix-github-actions",
        "rev": "e04df33f62cdcf93d73e9a04142464753a16db67",
        "type": "github"
      },
      "original": {
        "owner": "nix-community",
        "repo": "nix-github-actions",
        "type": "github"
      }
    },
    "nixpkgs": {
      "locked": {
        "lastModified": 1733212471,
        "narHash": "sha256-M1+uCoV5igihRfcUKrr1riygbe73/dzNnzPsmaLCmpo=",
        "owner": "NixOS",
        "repo": "nixpkgs",
        "rev": "55d15ad12a74eb7d4646254e13638ad0c4128776",
        "type": "github"
      },
      "original": {
        "owner": "NixOS",
        "ref": "nixos-unstable",
        "repo": "nixpkgs",
        "type": "github"
      }
    },
    "pyproject-nix": {
      "inputs": {
        "nixpkgs": [
          "zephyr-nix",
          "nixpkgs"
        ]
      },
      "locked": {
        "lastModified": 1731223003,
        "narHash": "sha256-hFf8/IeZKPUubMC452Mm+JiAEnvcw/a4Cvn2bcpeJqs=",
        "owner": "nix-community",
        "repo": "pyproject.nix",
        "rev": "359dd9cd562730bbd31ab164832aae4dacd9c302",
        "type": "github"
      },
      "original": {
        "owner": "nix-community",
        "repo": "pyproject.nix",
        "type": "github"
      }
    },
    "root": {
      "inputs": {
        "cmsis": "cmsis",
        "flake-utils": "flake-utils",
        "nixpkgs": "nixpkgs",
        "u-boot": "u-boot",
        "zephyr": "zephyr",
        "zephyr-nix": "zephyr-nix"
      }
    },
    "systems": {
      "locked": {
        "lastModified": 1681028828,
        "narHash": "sha256-Vy1rq5AaRuLzOxct8nz4T6wlgyUR7zLU309k9mBC768=",
        "owner": "nix-systems",
        "repo": "default",
        "rev": "da67096a3b9bf56a91d16901293e51ba5b49a27e",
        "type": "github"
      },
      "original": {
        "owner": "nix-systems",
        "repo": "default",
        "type": "github"
      }
    },
    "u-boot": {
      "flake": false,
      "locked": {
        "lastModified": 1708620973,
        "narHash": "sha256-QeMCW9bef2KK32eNWMFSNvWb2GS9apv/hH2ska6IVqI=",
        "ref": "chromeos-v2023.10-next",
        "rev": "923f25080339770806369e41767f8d0464f2b451",
        "revCount": 88472,
        "type": "git",
        "url": "https://chromium.googlesource.com/chromiumos/third_party/u-boot"
      },
      "original": {
        "ref": "chromeos-v2023.10-next",
        "type": "git",
        "url": "https://chromium.googlesource.com/chromiumos/third_party/u-boot"
      }
    },
    "zephyr": {
      "flake": false,
      "locked": {
        "lastModified": 1711438127,
        "narHash": "sha256-hl6Rb0tRMKs3+MxbRdqt1EK6VMS0R8lnf8lKD92acVA=",
        "owner": "FrameworkComputer",
        "repo": "zephyr",
        "rev": "885166fd90da0621d60094c091774a0f52a5a253",
        "type": "github"
      },
      "original": {
        "owner": "FrameworkComputer",
        "ref": "marigold",
        "repo": "zephyr",
        "type": "github"
      }
    },
    "zephyr-nix": {
      "inputs": {
        "nix-github-actions": "nix-github-actions",
        "nixpkgs": [
          "nixpkgs"
        ],
        "pyproject-nix": "pyproject-nix",
        "zephyr": "zephyr_2"
      },
      "locked": {
        "lastModified": 1731288812,
        "narHash": "sha256-lFY/q8f6fZYZNHHshUUqgi92BsHIwgoVtqXIFa8zhxE=",
        "owner": "adisbladis",
        "repo": "zephyr-nix",
        "rev": "d54fd58912e8d3f5787c01831ccefd0349bfdd0e",
        "type": "github"
      },
      "original": {
        "owner": "adisbladis",
        "repo": "zephyr-nix",
        "type": "github"
      }
    },
    "zephyr_2": {
      "flake": false,
      "locked": {
        "lastModified": 1721992675,
        "narHash": "sha256-rmOHH0uRU27U2T4w4+FEMcAcuiZ7W7p4vOwtSwiAFNY=",
        "owner": "zephyrproject-rtos",
        "repo": "zephyr",
        "rev": "36940db938a8f4a1e919496793ed439850a221c2",
        "type": "github"
      },
      "original": {
        "owner": "zephyrproject-rtos",
        "ref": "v3.7.0",
        "repo": "zephyr",
        "type": "github"
      }
    }
  },
  "root": "root",
  "version": 7
}
